{
  "name": "@amitsaini144/common-medium",
  "version": "1.0.4",
  "lockfileVersion": 3,
  "requires": true,
  "packages": {
    "": {
      "name": "@amitsaini144/common-medium",
      "version": "1.0.4",
      "license": "ISC",
      "dependencies": {
        "@amitsaini144/common-medium": "^1.0.4",
        "zod": "^3.22.4"
      }
    },
    "node_modules/@amitsaini144/common-medium": {
      "version": "1.0.4",
      "resolved": "https://registry.npmjs.org/@amitsaini144/common-medium/-/common-medium-1.0.4.tgz",
      "integrity": "sha512-FugHvXOHF3XU+Sghfm1664qsXqTrnj2Cf2rfoqA6rl7Q10bxm3sS6j4QmS/ZQCyhehWoejEpx921/yEZJdx1+g==",
      "dependencies": {
        "zod": "^3.22.4"
      }
    },
    "node_modules/zod": {
      "version": "3.22.4",
      "resolved": "https://registry.npmjs.org/zod/-/zod-3.22.4.tgz",
      "integrity": "sha512-iC+8Io04lddc+mVqQ9AZ7OQ2MrUKGN+oIQyq1vemgt46jwCwLfhq7/pwnBnNXXXZb8VTVLKwp9EDkx+ryxIWmg==",
      "funding": {
        "url": "https://github.com/sponsors/colinhacks"
      }
    }
  }
}
